# THIS IS AN AUTOGENERATED FILE. DO NOT EDIT THIS FILE DIRECTLY.
# yarn lockfile v1


native.d.ts@^0.1.2:
  version "0.1.2"
  resolved "https://registry.yarnpkg.com/native.d.ts/-/native.d.ts-0.1.2.tgz#0ea21dd340c543d6c3d5f3bbf100c15a217bf5b4"

typescript@^3.0.1:
  version "3.0.1"
  resolved "https://registry.yarnpkg.com/typescript/-/typescript-3.0.1.tgz#43738f29585d3a87575520a4b93ab6026ef11fdb"
